
Microsoft Visual Studio Solution File, Format Version 12.00
# Visual Studio 15
VisualStudioVersion = 15.0.27703.2026
MinimumVisualStudioVersion = 10.0.40219.1
Project("{FAE04EC0-301F-11D3-BF4B-00C04F79EFBC}") = "BlazorTest", "BlazorTest\BlazorTest.csproj", "{58F3F9D1-9129-4703-B4D3-8E983C82596D}"
EndProject
Global
	GlobalSection(SolutionConfigurationPlatforms) = preSolution
		Debug|Any CPU = Debug|Any CPU
		Release|Any CPU = Release|Any CPU
	EndGlobalSection
	GlobalSection(ProjectConfigurationPlatforms) = postSolution
		{58F3F9D1-9129-4703-B4D3-8E983C82596D}.Debug|Any CPU.ActiveCfg = Debug|Any CPU
		{58F3F9D1-9129-4703-B4D3-8E983C82596D}.Debug|Any CPU.Build.0 = Debug|Any CPU
		{58F3F9D1-9129-4703-B4D3-8E983C82596D}.Release|Any CPU.ActiveCfg = Release|Any CPU
		{58F3F9D1-9129-4703-B4D3-8E983C82596D}.Release|Any CPU.Build.0 = Release|Any CPU
	EndGlobalSection
	GlobalSection(SolutionProperties) = preSolution
		HideSolutionNode = FALSE
	EndGlobalSection
	GlobalSection(ExtensibilityGlobals) = postSolution
		SolutionGuid = {862181CA-89F5-430A-81AE-9E8676E9E023}
	EndGlobalSection
EndGlobal
